
Microsoft Visual Studio Solution File, Format Version 12.00
Project("{FAE04EC0-301F-11D3-BF4B-00C04F79EFBC}") = "MMNNDotNetCore.ConsoleApp", "MMNNDotNetCore.ConsoleApp\MMNNDotNetCore.ConsoleApp.csproj", "{0AD564EB-0052-4847-9C04-91B7CC040F6F}"
EndProject
Project("{FAE04EC0-301F-11D3-BF4B-00C04F79EFBC}") = "MMNNDotNetCore.RestApi", "MMNNDotNetCore.RestApi\MMNNDotNetCore.RestApi.csproj", "{0BAEBB84-247A-4FE2-BD1B-E246A4DECC71}"
EndProject
Project("{2150E333-8FDC-42A3-9474-1A3956D46DE8}") = "Shared", "Shared", "{8EFE32B9-D5D9-49EC-A6B4-E085262AE47E}"
EndProject
Project("{2150E333-8FDC-42A3-9474-1A3956D46DE8}") = "DbService", "DbService", "{6F4EE862-1B78-466C-8C79-61CA9A844381}"
EndProject
Project("{FAE04EC0-301F-11D3-BF4B-00C04F79EFBC}") = "MMNNDotNetCore.EFCore", "MMNNDotNetCore.EFCore\MMNNDotNetCore.EFCore.csproj", "{CFA19737-9A42-4D32-9CCF-448B9FB9E198}"
EndProject
Project("{2150E333-8FDC-42A3-9474-1A3956D46DE8}") = "CommonService", "CommonService", "{2B1F7DF8-E065-4142-A643-F633D5EA9E45}"
EndProject
Project("{FAE04EC0-301F-11D3-BF4B-00C04F79EFBC}") = "MMNNDotNetCore.Models", "MMNNDotNetCore.Models\MMNNDotNetCore.Models.csproj", "{7AC4A061-9060-4C42-BF1E-B1B189B56E08}"
EndProject
Project("{FAE04EC0-301F-11D3-BF4B-00C04F79EFBC}") = "MMNNDotNetCore.Business", "MMNNDotNetCore.Business\MMNNDotNetCore.Business.csproj", "{B1650978-26BD-47B0-BB99-42FC7A48A48A}"
EndProject
Global
	GlobalSection(SolutionConfigurationPlatforms) = preSolution
		Debug|Any CPU = Debug|Any CPU
		Release|Any CPU = Release|Any CPU
	EndGlobalSection
	GlobalSection(ProjectConfigurationPlatforms) = postSolution
		{0AD564EB-0052-4847-9C04-91B7CC040F6F}.Debug|Any CPU.ActiveCfg = Debug|Any CPU
		{0AD564EB-0052-4847-9C04-91B7CC040F6F}.Debug|Any CPU.Build.0 = Debug|Any CPU
		{0AD564EB-0052-4847-9C04-91B7CC040F6F}.Release|Any CPU.ActiveCfg = Release|Any CPU
		{0AD564EB-0052-4847-9C04-91B7CC040F6F}.Release|Any CPU.Build.0 = Release|Any CPU
		{0BAEBB84-247A-4FE2-BD1B-E246A4DECC71}.Debug|Any CPU.ActiveCfg = Debug|Any CPU
		{0BAEBB84-247A-4FE2-BD1B-E246A4DECC71}.Debug|Any CPU.Build.0 = Debug|Any CPU
		{0BAEBB84-247A-4FE2-BD1B-E246A4DECC71}.Release|Any CPU.ActiveCfg = Release|Any CPU
		{0BAEBB84-247A-4FE2-BD1B-E246A4DECC71}.Release|Any CPU.Build.0 = Release|Any CPU
		{CFA19737-9A42-4D32-9CCF-448B9FB9E198}.Debug|Any CPU.ActiveCfg = Debug|Any CPU
		{CFA19737-9A42-4D32-9CCF-448B9FB9E198}.Debug|Any CPU.Build.0 = Debug|Any CPU
		{CFA19737-9A42-4D32-9CCF-448B9FB9E198}.Release|Any CPU.ActiveCfg = Release|Any CPU
		{CFA19737-9A42-4D32-9CCF-448B9FB9E198}.Release|Any CPU.Build.0 = Release|Any CPU
		{7AC4A061-9060-4C42-BF1E-B1B189B56E08}.Debug|Any CPU.ActiveCfg = Debug|Any CPU
		{7AC4A061-9060-4C42-BF1E-B1B189B56E08}.Debug|Any CPU.Build.0 = Debug|Any CPU
		{7AC4A061-9060-4C42-BF1E-B1B189B56E08}.Release|Any CPU.ActiveCfg = Release|Any CPU
		{7AC4A061-9060-4C42-BF1E-B1B189B56E08}.Release|Any CPU.Build.0 = Release|Any CPU
		{B1650978-26BD-47B0-BB99-42FC7A48A48A}.Debug|Any CPU.ActiveCfg = Debug|Any CPU
		{B1650978-26BD-47B0-BB99-42FC7A48A48A}.Debug|Any CPU.Build.0 = Debug|Any CPU
		{B1650978-26BD-47B0-BB99-42FC7A48A48A}.Release|Any CPU.ActiveCfg = Release|Any CPU
		{B1650978-26BD-47B0-BB99-42FC7A48A48A}.Release|Any CPU.Build.0 = Release|Any CPU
	EndGlobalSection
	GlobalSection(NestedProjects) = preSolution
		{6F4EE862-1B78-466C-8C79-61CA9A844381} = {8EFE32B9-D5D9-49EC-A6B4-E085262AE47E}
		{CFA19737-9A42-4D32-9CCF-448B9FB9E198} = {6F4EE862-1B78-466C-8C79-61CA9A844381}
		{2B1F7DF8-E065-4142-A643-F633D5EA9E45} = {8EFE32B9-D5D9-49EC-A6B4-E085262AE47E}
		{7AC4A061-9060-4C42-BF1E-B1B189B56E08} = {2B1F7DF8-E065-4142-A643-F633D5EA9E45}
		{B1650978-26BD-47B0-BB99-42FC7A48A48A} = {2B1F7DF8-E065-4142-A643-F633D5EA9E45}
	EndGlobalSection
EndGlobal
