
Microsoft Visual Studio Solution File, Format Version 12.00
Project("{FAE04EC0-301F-11D3-BF4B-00C04F79EFBC}") = "ThirdParty.Console", "ThirdParty.Console\ThirdParty.Console.csproj", "{22830AC4-2F0C-45E3-A97E-B7A5B1ED0C13}"
EndProject
Project("{FAE04EC0-301F-11D3-BF4B-00C04F79EFBC}") = "MMNNDotNetCore.Business", "..\MMNNDotNetCore.Business\MMNNDotNetCore.Business.csproj", "{BC72E063-CA60-4726-9CA5-FCCF4DD2FCA3}"
EndProject
Global
	GlobalSection(SolutionConfigurationPlatforms) = preSolution
		Debug|Any CPU = Debug|Any CPU
		Release|Any CPU = Release|Any CPU
	EndGlobalSection
	GlobalSection(ProjectConfigurationPlatforms) = postSolution
		{22830AC4-2F0C-45E3-A97E-B7A5B1ED0C13}.Debug|Any CPU.ActiveCfg = Debug|Any CPU
		{22830AC4-2F0C-45E3-A97E-B7A5B1ED0C13}.Debug|Any CPU.Build.0 = Debug|Any CPU
		{22830AC4-2F0C-45E3-A97E-B7A5B1ED0C13}.Release|Any CPU.ActiveCfg = Release|Any CPU
		{22830AC4-2F0C-45E3-A97E-B7A5B1ED0C13}.Release|Any CPU.Build.0 = Release|Any CPU
		{BC72E063-CA60-4726-9CA5-FCCF4DD2FCA3}.Debug|Any CPU.ActiveCfg = Debug|Any CPU
		{BC72E063-CA60-4726-9CA5-FCCF4DD2FCA3}.Debug|Any CPU.Build.0 = Debug|Any CPU
		{BC72E063-CA60-4726-9CA5-FCCF4DD2FCA3}.Release|Any CPU.ActiveCfg = Release|Any CPU
		{BC72E063-CA60-4726-9CA5-FCCF4DD2FCA3}.Release|Any CPU.Build.0 = Release|Any CPU
	EndGlobalSection
EndGlobal
